// !$*UTF8*$!
{
	archiveVersion = 1;
	classes = {
	};
	objectVersion = 77;
	objects = {

/* Begin PBXBuildFile section */
		D5CCCBD8BF9CA6626539979A /* Pods_whatschat.framework in Frameworks */ = {isa = PBXBuildFile; fileRef = 6DA5650FC6A13B03AB2FD378 /* Pods_whatschat.framework */; };
/* End PBXBuildFile section */

/* Begin PBXContainerItemProxy section */
		13C16A662F81095B0068C7A0 /* PBXContainerItemProxy */ = {
			isa = PBXContainerItemProxy;
			containerPortal = 13C16A472F8109570068C7A0 /* Project object */;
			proxyType = 1;
			remoteGlobalIDString = 13C16A4E2F8109580068C7A0;
			remoteInfo = whatschat;
		};
		13C16A702F81095B0068C7A0 /* PBXContainerItemProxy */ = {
			isa = PBXContainerItemProxy;
			containerPortal = 13C16A472F8109570068C7A0 /* Project object */;
			proxyType = 1;
			remoteGlobalIDString = 13C16A4E2F8109580068C7A0;
			remoteInfo = whatschat;
		};
/* End PBXContainerItemProxy section */

/* Begin PBXFileReference section */
		13C16A4F2F8109580068C7A0 /* whatschat.app */ = {isa = PBXFileReference; explicitFileType = wrapper.application; includeInIndex = 0; path = whatschat.app; sourceTree = BUILT_PRODUCTS_DIR; };
		13C16A652F81095B0068C7A0 /* whatschatTests.xctest */ = {isa = PBXFileReference; explicitFileType = wrapper.cfbundle; includeInIndex = 0; path = whatschatTests.xctest; sourceTree = BUILT_PRODUCTS_DIR; };
		13C16A6F2F81095B0068C7A0 /* whatschatUITests.xctest */ = {isa = PBXFileReference; explicitFileType = wrapper.cfbundle; includeInIndex = 0; path = whatschatUITests.xctest; sourceTree = BUILT_PRODUCTS_DIR; };
		46FC7426ED6844E66C4CBCB0 /* Pods-whatschat.release.xcconfig */ = {isa = PBXFileReference; includeInIndex = 1; lastKnownFileType = text.xcconfig; name = "Pods-whatschat.release.xcconfig"; path = "Target Support Files/Pods-whatschat/Pods-whatschat.release.xcconfig"; sourceTree = "<group>"; };
		6DA5650FC6A13B03AB2FD378 /* Pods_whatschat.framework */ = {isa = PBXFileReference; explicitFileType = wrapper.framework; includeInIndex = 0; path = Pods_whatschat.framework; sourceTree = BUILT_PRODUCTS_DIR; };
		DCE36698A1215E000C799AC4 /* Pods-whatschat.debug.xcconfig */ = {isa = PBXFileReference; includeInIndex = 1; lastKnownFileType = text.xcconfig; name = "Pods-whatschat.debug.xcconfig"; path = "Target Support Files/Pods-whatschat/Pods-whatschat.debug.xcconfig"; sourceTree = "<group>"; };
/* End PBXFileReference section */

/* Begin PBXFileSystemSynchronizedBuildFileExceptionSet section */
		13C16A772F81095B0068C7A0 /* Exceptions for "whatschat" folder in "whatschat" target */ = {
			isa = PBXFileSystemSynchronizedBuildFileExceptionSet;
			membershipExceptions = (
				Info.plist,
			);
			target = 13C16A4E2F8109580068C7A0 /* whatschat */;
		};
/* End PBXFileSystemSynchronizedBuildFileExceptionSet section */

/* Begin PBXFileSystemSynchronizedRootGroup section */
		13C16A512F8109580068C7A0 /* whatschat */ = {
			isa = PBXFileSystemSynchronizedRootGroup;
			exceptions = (
				13C16A772F81095B0068C7A0 /* Exceptions for "whatschat" folder in "whatschat" target */,
			);
			path = whatschat;
			sourceTree = "<group>";
		};
		13C16A682F81095B0068C7A0 /* whatschatTests */ = {
			isa = PBXFileSystemSynchronizedRootGroup;
			path = whatschatTests;
			sourceTree = "<group>";
		};
		13C16A722F81095B0068C7A0 /* whatschatUITests */ = {
			isa = PBXFileSystemSynchronizedRootGroup;
			path = whatschatUITests;
			sourceTree = "<group>";
		};
/* End PBXFileSystemSynchronizedRootGroup section */

/* Begin PBXFrameworksBuildPhase section */
		13C16A4C2F8109580068C7A0 /* Frameworks */ = {
			isa = PBXFrameworksBuildPhase;
			buildActionMask = 2147483647;
			files = (
				D5CCCBD8BF9CA6626539979A /* Pods_whatschat.framework in Frameworks */,
			);
			runOnlyForDeploymentPostprocessing = 0;
		};
		13C16A622F81095B0068C7A0 /* Frameworks */ = {
			isa = PBXFrameworksBuildPhase;
			buildActionMask = 2147483647;
			files = (
			);
			runOnlyForDeploymentPostprocessing = 0;
		};
		13C16A6C2F81095B0068C7A0 /* Frameworks */ = {
			isa = PBXFrameworksBuildPhase;
			buildActionMask = 2147483647;
			files = (
			);
			runOnlyForDeploymentPostprocessing = 0;
		};
/* End PBXFrameworksBuildPhase section */

/* Begin PBXGroup section */
		0F13E6BDBE98743AFCBA5966 /* Frameworks */ = {
			isa = PBXGroup;
			children = (
				6DA5650FC6A13B03AB2FD378 /* Pods_whatschat.framework */,
			);
			name = Frameworks;
			sourceTree = "<group>";
		};
		13C16A462F8109570068C7A0 = {
			isa = PBXGroup;
			children = (
				13C16A512F8109580068C7A0 /* whatschat */,
				13C16A682F81095B0068C7A0 /* whatschatTests */,
				13C16A722F81095B0068C7A0 /* whatschatUITests */,
				13C16A502F8109580068C7A0 /* Products */,
				AB39EA38FCA153438733C946 /* Pods */,
				0F13E6BDBE98743AFCBA5966 /* Frameworks */,
			);
			sourceTree = "<group>";
		};
		13C16A502F8109580068C7A0 /* Products */ = {
			isa = PBXGroup;
			children = (
				13C16A4F2F8109580068C7A0 /* whatschat.app */,
				13C16A652F81095B0068C7A0 /* whatschatTests.xctest */,
				13C16A6F2F81095B0068C7A0 /* whatschatUITests.xctest */,
			);
			name = Products;
			sourceTree = "<group>";
		};
		AB39EA38FCA153438733C946 /* Pods */ = {
			isa = PBXGroup;
			children = (
				DCE36698A1215E000C799AC4 /* Pods-whatschat.debug.xcconfig */,
				46FC7426ED6844E66C4CBCB0 /* Pods-whatschat.release.xcconfig */,
			);
			path = Pods;
			sourceTree = "<group>";
		};
/* End PBXGroup section */

/* Begin PBXNativeTarget section */
		13C16A4E2F8109580068C7A0 /* whatschat */ = {
			isa = PBXNativeTarget;
			buildConfigurationList = 13C16A782F81095B0068C7A0 /* Build configuration list for PBXNativeTarget "whatschat" */;
			buildPhases = (
				DA47D015643D2D05EDFD4CE9 /* [CP] Check Pods Manifest.lock */,
				13C16A4B2F8109580068C7A0 /* Sources */,
				13C16A4C2F8109580068C7A0 /* Frameworks */,
				13C16A4D2F8109580068C7A0 /* Resources */,
				B992B7377265E4E21A0F96A5 /* [CP] Copy Pods Resources */,
			);
			buildRules = (
			);
			dependencies = (
			);
			fileSystemSynchronizedGroups = (
				13C16A512F8109580068C7A0 /* whatschat */,
			);
			name = whatschat;
			productName = whatschat;
			productReference = 13C16A4F2F8109580068C7A0 /* whatschat.app */;
			productType = "com.apple.product-type.application";
		};
		13C16A642F81095B0068C7A0 /* whatschatTests */ = {
			isa = PBXNativeTarget;
			buildConfigurationList = 13C16A7D2F81095B0068C7A0 /* Build configuration list for PBXNativeTarget "whatschatTests" */;
			buildPhases = (
				13C16A612F81095B0068C7A0 /* Sources */,
				13C16A622F81095B0068C7A0 /* Frameworks */,
				13C16A632F81095B0068C7A0 /* Resources */,
			);
			buildRules = (
			);
			dependencies = (
				13C16A672F81095B0068C7A0 /* PBXTargetDependency */,
			);
			fileSystemSynchronizedGroups = (
				13C16A682F81095B0068C7A0 /* whatschatTests */,
			);
			name = whatschatTests;
			productName = whatschatTests;
			productReference = 13C16A652F81095B0068C7A0 /* whatschatTests.xctest */;
			productType = "com.apple.product-type.bundle.unit-test";
		};
		13C16A6E2F81095B0068C7A0 /* whatschatUITests */ = {
			isa = PBXNativeTarget;
			buildConfigurationList = 13C16A802F81095B0068C7A0 /* Build configuration list for PBXNativeTarget "whatschatUITests" */;
			buildPhases = (
				13C16A6B2F81095B0068C7A0 /* Sources */,
				13C16A6C2F81095B0068C7A0 /* Frameworks */,
				13C16A6D2F81095B0068C7A0 /* Resources */,
			);
			buildRules = (
			);
			dependencies = (
				13C16A712F81095B0068C7A0 /* PBXTargetDependency */,
			);
			fileSystemSynchronizedGroups = (
				13C16A722F81095B0068C7A0 /* whatschatUITests */,
			);
			name = whatschatUITests;
			productName = whatschatUITests;
			productReference = 13C16A6F2F81095B0068C7A0 /* whatschatUITests.xctest */;
			productType = "com.apple.product-type.bundle.ui-testing";
		};
/* End PBXNativeTarget section */

/* Begin PBXProject section */
		13C16A472F8109570068C7A0 /* Project object */ = {
			isa = PBXProject;
			attributes = {
				BuildIndependentTargetsInParallel = 1;
				LastSwiftUpdateCheck = 1640;
				LastUpgradeCheck = 1640;
				TargetAttributes = {
					13C16A4E2F8109580068C7A0 = {
						CreatedOnToolsVersion = 16.4;
					};
					13C16A642F81095B0068C7A0 = {
						CreatedOnToolsVersion = 16.4;
						TestTargetID = 13C16A4E2F8109580068C7A0;
					};
					13C16A6E2F81095B0068C7A0 = {
						CreatedOnToolsVersion = 16.4;
						TestTargetID = 13C16A4E2F8109580068C7A0;
					};
				};
			};
			buildConfigurationList = 13C16A4A2F8109580068C7A0 /* Build configuration list for PBXProject "whatschat" */;
			developmentRegion = en;
			hasScannedForEncodings = 0;
			knownRegions = (
				en,
				Base,
			);
			mainGroup = 13C16A462F8109570068C7A0;
			minimizedProjectReferenceProxies = 1;
			preferredProjectObjectVersion = 77;
			productRefGroup = 13C16A502F8109580068C7A0 /* Products */;
			projectDirPath = "";
			projectRoot = "";
			targets = (
				13C16A4E2F8109580068C7A0 /* whatschat */,
				13C16A642F81095B0068C7A0 /* whatschatTests */,
				13C16A6E2F81095B0068C7A0 /* whatschatUITests */,
			);
		};
/* End PBXProject section */

/* Begin PBXResourcesBuildPhase section */
		13C16A4D2F8109580068C7A0 /* Resources */ = {
			isa = PBXResourcesBuildPhase;
			buildActionMask = 2147483647;
			files = (
			);
			runOnlyForDeploymentPostprocessing = 0;
		};
		13C16A632F81095B0068C7A0 /* Resources */ = {
			isa = PBXResourcesBuildPhase;
			buildActionMask = 2147483647;
			files = (
			);
			runOnlyForDeploymentPostprocessing = 0;
		};
		13C16A6D2F81095B0068C7A0 /* Resources */ = {
			isa = PBXResourcesBuildPhase;
			buildActionMask = 2147483647;
			files = (
			);
			runOnlyForDeploymentPostprocessing = 0;
		};
/* End PBXResourcesBuildPhase section */

/* Begin PBXShellScriptBuildPhase section */
		B992B7377265E4E21A0F96A5 /* [CP] Copy Pods Resources */ = {
			isa = PBXShellScriptBuildPhase;
			buildActionMask = 2147483647;
			files = (
			);
			inputFileListPaths = (
				"${PODS_ROOT}/Target Support Files/Pods-whatschat/Pods-whatschat-resources-${CONFIGURATION}-input-files.xcfilelist",
			);
			inputPaths = (
			);
			name = "[CP] Copy Pods Resources";
			outputFileListPaths = (
				"${PODS_ROOT}/Target Support Files/Pods-whatschat/Pods-whatschat-resources-${CONFIGURATION}-output-files.xcfilelist",
			);
			outputPaths = (
			);
			runOnlyForDeploymentPostprocessing = 0;
			shellPath = /bin/sh;
			shellScript = "\"${PODS_ROOT}/Target Support Files/Pods-whatschat/Pods-whatschat-resources.sh\"\n";
			showEnvVarsInLog = 0;
		};
		DA47D015643D2D05EDFD4CE9 /* [CP] Check Pods Manifest.lock */ = {
			isa = PBXShellScriptBuildPhase;
			buildActionMask = 2147483647;
			files = (
			);
			inputFileListPaths = (
			);
			inputPaths = (
				"${PODS_PODFILE_DIR_PATH}/Podfile.lock",
				"${PODS_ROOT}/Manifest.lock",
			);
			name = "[CP] Check Pods Manifest.lock";
			outputFileListPaths = (
			);
			outputPaths = (
				"$(DERIVED_FILE_DIR)/Pods-whatschat-checkManifestLockResult.txt",
			);
			runOnlyForDeploymentPostprocessing = 0;
			shellPath = /bin/sh;
			shellScript = "diff \"${PODS_PODFILE_DIR_PATH}/Podfile.lock\" \"${PODS_ROOT}/Manifest.lock\" > /dev/null\nif [ $? != 0 ] ; then\n    # print error to STDERR\n    echo \"error: The sandbox is not in sync with the Podfile.lock. Run 'pod install' or update your CocoaPods installation.\" >&2\n    exit 1\nfi\n# This output is used by Xcode 'outputs' to avoid re-running this script phase.\necho \"SUCCESS\" > \"${SCRIPT_OUTPUT_FILE_0}\"\n";
			showEnvVarsInLog = 0;
		};
/* End PBXShellScriptBuildPhase section */

/* Begin PBXSourcesBuildPhase section */
		13C16A4B2F8109580068C7A0 /* Sources */ = {
			isa = PBXSourcesBuildPhase;
			buildActionMask = 2147483647;
			files = (
			);
			runOnlyForDeploymentPostprocessing = 0;
		};
		13C16A612F81095B0068C7A0 /* Sources */ = {
			isa = PBXSourcesBuildPhase;
			buildActionMask = 2147483647;
			files = (
			);
			runOnlyForDeploymentPostprocessing = 0;
		};
		13C16A6B2F81095B0068C7A0 /* Sources */ = {
			isa = PBXSourcesBuildPhase;
			buildActionMask = 2147483647;
			files = (
			);
			runOnlyForDeploymentPostprocessing = 0;
		};
/* End PBXSourcesBuildPhase section */

/* Begin PBXTargetDependency section */
		13C16A672F81095B0068C7A0 /* PBXTargetDependency */ = {
			isa = PBXTargetDependency;
			target = 13C16A4E2F8109580068C7A0 /* whatschat */;
			targetProxy = 13C16A662F81095B0068C7A0 /* PBXContainerItemProxy */;
		};
		13C16A712F81095B0068C7A0 /* PBXTargetDependency */ = {
			isa = PBXTargetDependency;
			target = 13C16A4E2F8109580068C7A0 /* whatschat */;
			targetProxy = 13C16A702F81095B0068C7A0 /* PBXContainerItemProxy */;
		};
/* End PBXTargetDependency section */

/* Begin XCBuildConfiguration section */
		13C16A792F81095B0068C7A0 /* Debug */ = {
			isa = XCBuildConfiguration;
			baseConfigurationReference = DCE36698A1215E000C799AC4 /* Pods-whatschat.debug.xcconfig */;
			buildSettings = {
				ASSETCATALOG_COMPILER_APPICON_NAME = AppIcon;
				ASSETCATALOG_COMPILER_GLOBAL_ACCENT_COLOR_NAME = AccentColor;
				CODE_SIGN_STYLE = Automatic;
				CURRENT_PROJECT_VERSION = 1;
				ENABLE_USER_SCRIPT_SANDBOXING = NO;
				GENERATE_INFOPLIST_FILE = YES;
				INFOPLIST_FILE = whatschat/Info.plist;
				INFOPLIST_KEY_UIApplicationSupportsIndirectInputEvents = YES;
				INFOPLIST_KEY_UILaunchStoryboardName = LaunchScreen;
				INFOPLIST_KEY_UIMainStoryboardFile = Main;
				INFOPLIST_KEY_UISupportedInterfaceOrientations_iPad = "UIInterfaceOrientationPortrait UIInterfaceOrientationPortraitUpsideDown UIInterfaceOrientationLandscapeLeft UIInterfaceOrientationLandscapeRight";
				INFOPLIST_KEY_UISupportedInterfaceOrientations_iPhone = "UIInterfaceOrientationPortrait UIInterfaceOrientationLandscapeLeft UIInterfaceOrientationLandscapeRight";
				IPHONEOS_DEPLOYMENT_TARGET = 15.6;
				LD_RUNPATH_SEARCH_PATHS = (
					"$(inherited)",
					"@executable_path/Frameworks",
				);
				MARKETING_VERSION = 1.0;
				PRODUCT_BUNDLE_IDENTIFIER = emma.whatschat;
				PRODUCT_NAME = "$(TARGET_NAME)";
				SWIFT_EMIT_LOC_STRINGS = YES;
				SWIFT_VERSION = 5.0;
				TARGETED_DEVICE_FAMILY = "1,2";
			};
			name = Debug;
		};
		13C16A7A2F81095B0068C7A0 /* Release */ = {
			isa = XCBuildConfiguration;
			baseConfigurationReference = 46FC7426ED6844E66C4CBCB0 /* Pods-whatschat.release.xcconfig */;
			buildSettings = {
				ASSETCATALOG_COMPILER_APPICON_NAME = AppIcon;
				ASSETCATALOG_COMPILER_GLOBAL_ACCENT_COLOR_NAME = AccentColor;
				CODE_SIGN_STYLE = Automatic;
				CURRENT_PROJECT_VERSION = 1;
				ENABLE_USER_SCRIPT_SANDBOXING = NO;
				GENERATE_INFOPLIST_FILE = YES;
				INFOPLIST_FILE = whatschat/Info.plist;
				INFOPLIST_KEY_UIApplicationSupportsIndirectInputEvents = YES;
				INFOPLIST_KEY_UILaunchStoryboardName = LaunchScreen;
				INFOPLIST_KEY_UIMainStoryboardFile = Main;
				INFOPLIST_KEY_UISupportedInterfaceOrientations_iPad = "UIInterfaceOrientationPortrait UIInterfaceOrientationPortraitUpsideDown UIInterfaceOrientationLandscapeLeft UIInterfaceOrientationLandscapeRight";
				INFOPLIST_KEY_UISupportedInterfaceOrientations_iPhone = "UIInterfaceOrientationPortrait UIInterfaceOrientationLandscapeLeft UIInterfaceOrientationLandscapeRight";
				IPHONEOS_DEPLOYMENT_TARGET = 15.6;
				LD_RUNPATH_SEARCH_PATHS = (
					"$(inherited)",
					"@executable_path/Frameworks",
				);
				MARKETING_VERSION = 1.0;
				PRODUCT_BUNDLE_IDENTIFIER = emma.whatschat;
				PRODUCT_NAME = "$(TARGET_NAME)";
				SWIFT_EMIT_LOC_STRINGS = YES;
				SWIFT_VERSION = 5.0;
				TARGETED_DEVICE_FAMILY = "1,2";
			};
			name = Release;
		};
		13C16A7B2F81095B0068C7A0 /* Debug */ = {
			isa = XCBuildConfiguration;
			buildSettings = {
				ALWAYS_SEARCH_USER_PATHS = NO;
				ASSETCATALOG_COMPILER_GENERATE_SWIFT_ASSET_SYMBOL_EXTENSIONS = YES;
				CLANG_ANALYZER_NONNULL = YES;
				CLANG_ANALYZER_NUMBER_OBJECT_CONVERSION = YES_AGGRESSIVE;
				CLANG_CXX_LANGUAGE_STANDARD = "gnu++20";
				CLANG_ENABLE_MODULES = YES;
				CLANG_ENABLE_OBJC_ARC = YES;
				CLANG_ENABLE_OBJC_WEAK = YES;
				CLANG_WARN_BLOCK_CAPTURE_AUTORELEASING = YES;
				CLANG_WARN_BOOL_CONVERSION = YES;
				CLANG_WARN_COMMA = YES;
				CLANG_WARN_CONSTANT_CONVERSION = YES;
				CLANG_WARN_DEPRECATED_OBJC_IMPLEMENTATIONS = YES;
				CLANG_WARN_DIRECT_OBJC_ISA_USAGE = YES_ERROR;
				CLANG_WARN_DOCUMENTATION_COMMENTS = YES;
				CLANG_WARN_EMPTY_BODY = YES;
				CLANG_WARN_ENUM_CONVERSION = YES;
				CLANG_WARN_INFINITE_RECURSION = YES;
				CLANG_WARN_INT_CONVERSION = YES;
				CLANG_WARN_NON_LITERAL_NULL_CONVERSION = YES;
				CLANG_WARN_OBJC_IMPLICIT_RETAIN_SELF = YES;
				CLANG_WARN_OBJC_LITERAL_CONVERSION = YES;
				CLANG_WARN_OBJC_ROOT_CLASS = YES_ERROR;
				CLANG_WARN_QUOTED_INCLUDE_IN_FRAMEWORK_HEADER = YES;
				CLANG_WARN_RANGE_LOOP_ANALYSIS = YES;
				CLANG_WARN_STRICT_PROTOTYPES = YES;
				CLANG_WARN_SUSPICIOUS_MOVE = YES;
				CLANG_WARN_UNGUARDED_AVAILABILITY = YES_AGGRESSIVE;
				CLANG_WARN_UNREACHABLE_CODE = YES;
				CLANG_WARN__DUPLICATE_METHOD_MATCH = YES;
				COPY_PHASE_STRIP = NO;
				DEBUG_INFORMATION_FORMAT = dwarf;
				ENABLE_STRICT_OBJC_MSGSEND = YES;
				ENABLE_TESTABILITY = YES;
				ENABLE_USER_SCRIPT_SANDBOXING = YES;
				GCC_C_LANGUAGE_STANDARD = gnu17;
				GCC_DYNAMIC_NO_PIC = NO;
				GCC_NO_COMMON_BLOCKS = YES;
				GCC_OPTIMIZATION_LEVEL = 0;
				GCC_PREPROCESSOR_DEFINITIONS = (
					"DEBUG=1",
					"$(inherited)",
				);
				GCC_WARN_64_TO_32_BIT_CONVERSION = YES;
				GCC_WARN_ABOUT_RETURN_TYPE = YES_ERROR;
				GCC_WARN_UNDECLARED_SELECTOR = YES;
				GCC_WARN_UNINITIALIZED_AUTOS = YES_AGGRESSIVE;
				GCC_WARN_UNUSED_FUNCTION = YES;
				GCC_WARN_UNUSED_VARIABLE = YES;
				IPHONEOS_DEPLOYMENT_TARGET = 18.5;
				LOCALIZATION_PREFERS_STRING_CATALOGS = YES;
				MTL_ENABLE_DEBUG_INFO = INCLUDE_SOURCE;
				MTL_FAST_MATH = YES;
				ONLY_ACTIVE_ARCH = YES;
				SDKROOT = iphoneos;
				SWIFT_ACTIVE_COMPILATION_CONDITIONS = "DEBUG $(inherited)";
				SWIFT_OPTIMIZATION_LEVEL = "-Onone";
			};
			name = Debug;
		};
		13C16A7C2F81095B0068C7A0 /* Release */ = {
			isa = XCBuildConfiguration;
			buildSettings = {
				ALWAYS_SEARCH_USER_PATHS = NO;
				ASSETCATALOG_COMPILER_GENERATE_SWIFT_ASSET_SYMBOL_EXTENSIONS = YES;
				CLANG_ANALYZER_NONNULL = YES;
				CLANG_ANALYZER_NUMBER_OBJECT_CONVERSION = YES_AGGRESSIVE;
				CLANG_CXX_LANGUAGE_STANDARD = "gnu++20";
				CLANG_ENABLE_MODULES = YES;
				CLANG_ENABLE_OBJC_ARC = YES;
				CLANG_ENABLE_OBJC_WEAK = YES;
				CLANG_WARN_BLOCK_CAPTURE_AUTORELEASING = YES;
				CLANG_WARN_BOOL_CONVERSION = YES;
				CLANG_WARN_COMMA = YES;
				CLANG_WARN_CONSTANT_CONVERSION = YES;
				CLANG_WARN_DEPRECATED_OBJC_IMPLEMENTATIONS = YES;
				CLANG_WARN_DIRECT_OBJC_ISA_USAGE = YES_ERROR;
				CLANG_WARN_DOCUMENTATION_COMMENTS = YES;
				CLANG_WARN_EMPTY_BODY = YES;
				CLANG_WARN_ENUM_CONVERSION = YES;
				CLANG_WARN_INFINITE_RECURSION = YES;
				CLANG_WARN_INT_CONVERSION = YES;
				CLANG_WARN_NON_LITERAL_NULL_CONVERSION = YES;
				CLANG_WARN_OBJC_IMPLICIT_RETAIN_SELF = YES;
				CLANG_WARN_OBJC_LITERAL_CONVERSION = YES;
				CLANG_WARN_OBJC_ROOT_CLASS = YES_ERROR;
				CLANG_WARN_QUOTED_INCLUDE_IN_FRAMEWORK_HEADER = YES;
				CLANG_WARN_RANGE_LOOP_ANALYSIS = YES;
				CLANG_WARN_STRICT_PROTOTYPES = YES;
				CLANG_WARN_SUSPICIOUS_MOVE = YES;
				CLANG_WARN_UNGUARDED_AVAILABILITY = YES_AGGRESSIVE;
				CLANG_WARN_UNREACHABLE_CODE = YES;
				CLANG_WARN__DUPLICATE_METHOD_MATCH = YES;
				COPY_PHASE_STRIP = NO;
				DEBUG_INFORMATION_FORMAT = "dwarf-with-dsym";
				ENABLE_NS_ASSERTIONS = NO;
				ENABLE_STRICT_OBJC_MSGSEND = YES;
				ENABLE_USER_SCRIPT_SANDBOXING = YES;
				GCC_C_LANGUAGE_STANDARD = gnu17;
				GCC_NO_COMMON_BLOCKS = YES;
				GCC_WARN_64_TO_32_BIT_CONVERSION = YES;
				GCC_WARN_ABOUT_RETURN_TYPE = YES_ERROR;
				GCC_WARN_UNDECLARED_SELECTOR = YES;
				GCC_WARN_UNINITIALIZED_AUTOS = YES_AGGRESSIVE;
				GCC_WARN_UNUSED_FUNCTION = YES;
				GCC_WARN_UNUSED_VARIABLE = YES;
				IPHONEOS_DEPLOYMENT_TARGET = 18.5;
				LOCALIZATION_PREFERS_STRING_CATALOGS = YES;
				MTL_ENABLE_DEBUG_INFO = NO;
				MTL_FAST_MATH = YES;
				SDKROOT = iphoneos;
				SWIFT_COMPILATION_MODE = wholemodule;
				VALIDATE_PRODUCT = YES;
			};
			name = Release;
		};
		13C16A7E2F81095B0068C7A0 /* Debug */ = {
			isa = XCBuildConfiguration;
			buildSettings = {
				BUNDLE_LOADER = "$(TEST_HOST)";
				CODE_SIGN_STYLE = Automatic;
				CURRENT_PROJECT_VERSION = 1;
				GENERATE_INFOPLIST_FILE = YES;
				IPHONEOS_DEPLOYMENT_TARGET = 15.6;
				MARKETING_VERSION = 1.0;
				PRODUCT_BUNDLE_IDENTIFIER = emma.whatschatTests;
				PRODUCT_NAME = "$(TARGET_NAME)";
				SWIFT_EMIT_LOC_STRINGS = NO;
				SWIFT_VERSION = 5.0;
				TARGETED_DEVICE_FAMILY = "1,2";
				TEST_HOST = "$(BUILT_PRODUCTS_DIR)/whatschat.app/$(BUNDLE_EXECUTABLE_FOLDER_PATH)/whatschat";
			};
			name = Debug;
		};
		13C16A7F2F81095B0068C7A0 /* Release */ = {
			isa = XCBuildConfiguration;
			buildSettings = {
				BUNDLE_LOADER = "$(TEST_HOST)";
				CODE_SIGN_STYLE = Automatic;
				CURRENT_PROJECT_VERSION = 1;
				GENERATE_INFOPLIST_FILE = YES;
				IPHONEOS_DEPLOYMENT_TARGET = 15.6;
				MARKETING_VERSION = 1.0;
				PRODUCT_BUNDLE_IDENTIFIER = emma.whatschatTests;
				PRODUCT_NAME = "$(TARGET_NAME)";
				SWIFT_EMIT_LOC_STRINGS = NO;
				SWIFT_VERSION = 5.0;
				TARGETED_DEVICE_FAMILY = "1,2";
				TEST_HOST = "$(BUILT_PRODUCTS_DIR)/whatschat.app/$(BUNDLE_EXECUTABLE_FOLDER_PATH)/whatschat";
			};
			name = Release;
		};
		13C16A812F81095B0068C7A0 /* Debug */ = {
			isa = XCBuildConfiguration;
			buildSettings = {
				CODE_SIGN_STYLE = Automatic;
				CURRENT_PROJECT_VERSION = 1;
				GENERATE_INFOPLIST_FILE = YES;
				IPHONEOS_DEPLOYMENT_TARGET = 15.6;
				MARKETING_VERSION = 1.0;
				PRODUCT_BUNDLE_IDENTIFIER = emma.whatschatUITests;
				PRODUCT_NAME = "$(TARGET_NAME)";
				SWIFT_EMIT_LOC_STRINGS = NO;
				SWIFT_VERSION = 5.0;
				TARGETED_DEVICE_FAMILY = "1,2";
				TEST_TARGET_NAME = whatschat;
			};
			name = Debug;
		};
		13C16A822F81095B0068C7A0 /* Release */ = {
			isa = XCBuildConfiguration;
			buildSettings = {
				CODE_SIGN_STYLE = Automatic;
				CURRENT_PROJECT_VERSION = 1;
				GENERATE_INFOPLIST_FILE = YES;
				IPHONEOS_DEPLOYMENT_TARGET = 15.6;
				MARKETING_VERSION = 1.0;
				PRODUCT_BUNDLE_IDENTIFIER = emma.whatschatUITests;
				PRODUCT_NAME = "$(TARGET_NAME)";
				SWIFT_EMIT_LOC_STRINGS = NO;
				SWIFT_VERSION = 5.0;
				TARGETED_DEVICE_FAMILY = "1,2";
				TEST_TARGET_NAME = whatschat;
			};
			name = Release;
		};
/* End XCBuildConfiguration section */

/* Begin XCConfigurationList section */
		13C16A4A2F8109580068C7A0 /* Build configuration list for PBXProject "whatschat" */ = {
			isa = XCConfigurationList;
			buildConfigurations = (
				13C16A7B2F81095B0068C7A0 /* Debug */,
				13C16A7C2F81095B0068C7A0 /* Release */,
			);
			defaultConfigurationIsVisible = 0;
			defaultConfigurationName = Release;
		};
		13C16A782F81095B0068C7A0 /* Build configuration list for PBXNativeTarget "whatschat" */ = {
			isa = XCConfigurationList;
			buildConfigurations = (
				13C16A792F81095B0068C7A0 /* Debug */,
				13C16A7A2F81095B0068C7A0 /* Release */,
			);
			defaultConfigurationIsVisible = 0;
			defaultConfigurationName = Release;
		};
		13C16A7D2F81095B0068C7A0 /* Build configuration list for PBXNativeTarget "whatschatTests" */ = {
			isa = XCConfigurationList;
			buildConfigurations = (
				13C16A7E2F81095B0068C7A0 /* Debug */,
				13C16A7F2F81095B0068C7A0 /* Release */,
			);
			defaultConfigurationIsVisible = 0;
			defaultConfigurationName = Release;
		};
		13C16A802F81095B0068C7A0 /* Build configuration list for PBXNativeTarget "whatschatUITests" */ = {
			isa = XCConfigurationList;
			buildConfigurations = (
				13C16A812F81095B0068C7A0 /* Debug */,
				13C16A822F81095B0068C7A0 /* Release */,
			);
			defaultConfigurationIsVisible = 0;
			defaultConfigurationName = Release;
		};
/* End XCConfigurationList section */
	};
	rootObject = 13C16A472F8109570068C7A0 /* Project object */;
}
